Microsoft Visual Studio Solution File, Format Version 12.00
# Visual Studio Version 17
VisualStudioVersion = 17.5.2.0
MinimumVisualStudioVersion = 10.0.40219.1
Project("{FAE04EC0-301F-11D3-BF4B-00C04F79EFBC}") = "SakuraLikeEditor", "SakuraLikeEditor\SakuraLikeEditor.csproj", "{8C15AB92-3A7B-E4AD-11E2-0ACF75B293AB}"
EndProject
Global
	GlobalSection(SolutionConfigurationPlatforms) = preSolution
		Debug|Any CPU = Debug|Any CPU
		Release|Any CPU = Release|Any CPU
	EndGlobalSection
	GlobalSection(ProjectConfigurationPlatforms) = postSolution
		{8C15AB92-3A7B-E4AD-11E2-0ACF75B293AB}.Debug|Any CPU.ActiveCfg = Debug|Any CPU
		{8C15AB92-3A7B-E4AD-11E2-0ACF75B293AB}.Debug|Any CPU.Build.0 = Debug|Any CPU
		{8C15AB92-3A7B-E4AD-11E2-0ACF75B293AB}.Release|Any CPU.ActiveCfg = Release|Any CPU
		{8C15AB92-3A7B-E4AD-11E2-0ACF75B293AB}.Release|Any CPU.Build.0 = Release|Any CPU
	EndGlobalSection
	GlobalSection(SolutionProperties) = preSolution
		HideSolutionNode = FALSE
	EndGlobalSection
	GlobalSection(ExtensibilityGlobals) = postSolution
		SolutionGuid = {A7B69649-7BD3-4DB1-AEF7-BF65508C0B77}
	EndGlobalSection
EndGlobal
